<?xml version="1.0" encoding="utf-8"?>
<Project ToolsVersion="4.0" xmlns="http://schemas.microsoft.com/developer/msbuild/2003">
  <ItemGroup>
    <Filter Include="Source Files">
      <UniqueIdentifier>{4FC737F1-C7A5-4376-A066-2A32D752A2FF}</UniqueIdentifier>
      <Extensions>cpp;c;cc;cxx;def;odl;idl;hpj;bat;asm;asmx</Extensions>
    </Filter>
    <Filter Include="Header Files">
      <UniqueIdentifier>{93995380-89BD-4b04-88EB-625FBE52EBFB}</UniqueIdentifier>
      <Extensions>h;hh;hpp;hxx;hm;inl;inc;xsd</Extensions>
    </Filter>
    <Filter Include="Resource Files">
      <UniqueIdentifier>{67DA6AB6-F800-4c08-8B7A-83BB121AAD01}</UniqueIdentifier>
      <Extensions>rc;ico;cur;bmp;dlg;rc2;rct;bin;rgs;gif;jpg;jpeg;jpe;resx;tiff;tif;png;wav;mfcribbon-ms</Extensions>
    </Filter>
    <Filter Include="Source Files\networking">
      <UniqueIdentifier>{ade670a5-17e8-41a2-866e-22f21b68ce93}</UniqueIdentifier>
    </Filter>
    <Filter Include="Header Files\networking">
      <UniqueIdentifier>{593bf89c-1489-403b-8da7-f958ff3ecfa7}</UniqueIdentifier>
    </Filter>
    <Filter Include="Source Files\application">
      <UniqueIdentifier>{89a4074e-1103-4216-ba9b-7d3f0b7da4e4}</UniqueIdentifier>
    </Filter>
    <Filter Include="Header Files\application">
      <UniqueIdentifier>{0498a4dc-3787-4022-a327-d1259489a070}</UniqueIdentifier>
    </Filter>
    <Filter Include="Source Files\devices">
      <UniqueIdentifier>{c08e976b-3840-4b3e-a8cd-90ac85d97ec4}</UniqueIdentifier>
    </Filter>
    <Filter Include="Header Files\devices">
      <UniqueIdentifier>{93cc315d-de9e-478c-af1b-786cdf3100f6}</UniqueIdentifier>
    </Filter>
    <Filter Include="Header Files\native">
      <UniqueIdentifier>{3c104502-a643-40be-ac51-ae31c690d341}</UniqueIdentifier>
    </Filter>
    <Filter Include="Header Files\native\winnt">
      <UniqueIdentifier>{74860200-9c5c-4b57-92c5-214bf6600df8}</UniqueIdentifier>
    </Filter>
    <Filter Include="Source Files\native">
      <UniqueIdentifier>{e6a46422-f3c9-4ba4-a877-662f8095b618}</UniqueIdentifier>
    </Filter>
    <Filter Include="Source Files\native\winnt">
      <UniqueIdentifier>{4092386b-4964-4e18-a04e-02035579d295}</UniqueIdentifier>
    </Filter>
    <Filter Include="Header Files\devices\native">
      <UniqueIdentifier>{0b669571-a001-4fef-a18e-771fb75bdf70}</UniqueIdentifier>
    </Filter>
    <Filter Include="Source Files\devices\native">
      <UniqueIdentifier>{5b7aacab-6d7b-4aa0-8d1c-7c6bd24dfa80}</UniqueIdentifier>
    </Filter>
    <Filter Include="Header Files\devices\native\winnt">
      <UniqueIdentifier>{65669e33-8744-414d-b6a5-94dc752341af}</UniqueIdentifier>
    </Filter>
    <Filter Include="Source Files\devices\native\winnt">
      <UniqueIdentifier>{5d007a6c-9b2d-4feb-9428-bcf769787d9c}</UniqueIdentifier>
    </Filter>
  </ItemGroup>
  <ItemGroup>
    <ClCompile Include="src\networking\address.cpp">
      <Filter>Source Files\networking</Filter>
    </ClCompile>
    <ClCompile Include="src\networking\messages.cpp">
      <Filter>Source Files\networking</Filter>
    </ClCompile>
    <ClCompile Include="src\networking\networking.cpp">
      <Filter>Source Files\networking</Filter>
    </ClCompile>
    <ClCompile Include="src\networking\packets.cpp">
      <Filter>Source Files\networking</Filter>
    </ClCompile>
    <ClCompile Include="src\application\application.cpp">
      <Filter>Source Files\application</Filter>
    </ClCompile>
    <ClCompile Include="src\iosync.cpp">
      <Filter>Source Files</Filter>
    </ClCompile>
    <ClCompile Include="src\main.cpp">
      <Filter>Source Files</Filter>
    </ClCompile>
    <ClCompile Include="src\devices\devices.cpp">
      <Filter>Source Files\devices</Filter>
    </ClCompile>
    <ClCompile Include="src\devices\keyboard.cpp">
      <Filter>Source Files\devices</Filter>
    </ClCompile>
    <ClCompile Include="src\exceptions.cpp">
      <Filter>Source Files</Filter>
    </ClCompile>
    <ClCompile Include="src\devices\gamepad.cpp">
      <Filter>Source Files\devices</Filter>
    </ClCompile>
    <ClCompile Include="src\native\winnt\processManagement.cpp">
      <Filter>Source Files\native\winnt</Filter>
    </ClCompile>
    <ClCompile Include="src\devices\native\winnt\Real_XInput_Wrapper.cpp">
      <Filter>Source Files\devices\native\winnt</Filter>
    </ClCompile>
  </ItemGroup>
  <ItemGroup>
    <ClInclude Include="src\networking\address.h">
      <Filter>Header Files\networking</Filter>
    </ClInclude>
    <ClInclude Include="src\networking\networking.h">
      <Filter>Header Files\networking</Filter>
    </ClInclude>
    <ClInclude Include="src\networking\packets.h">
      <Filter>Header Files\networking</Filter>
    </ClInclude>
    <ClInclude Include="src\application\application.h">
      <Filter>Header Files\application</Filter>
    </ClInclude>
    <ClInclude Include="src\iosync.h">
      <Filter>Header Files</Filter>
    </ClInclude>
    <ClInclude Include="src\networking\networkEngine.h">
      <Filter>Header Files\networking</Filter>
    </ClInclude>
    <ClInclude Include="src\networking\player.h">
      <Filter>Header Files\networking</Filter>
    </ClInclude>
    <ClInclude Include="src\networking\messages.h">
      <Filter>Header Files\networking</Filter>
    </ClInclude>
    <ClInclude Include="src\networking\socket.h">
      <Filter>Header Files\networking</Filter>
    </ClInclude>
    <ClInclude Include="src\devices\devices.h">
      <Filter>Header Files\devices</Filter>
    </ClInclude>
    <ClInclude Include="src\devices\keyboard.h">
      <Filter>Header Files\devices</Filter>
    </ClInclude>
    <ClInclude Include="src\platform.h">
      <Filter>Header Files</Filter>
    </ClInclude>
    <ClInclude Include="src\exceptions.h">
      <Filter>Header Files</Filter>
    </ClInclude>
    <ClInclude Include="src\iosync_application_exceptions.h">
      <Filter>Header Files</Filter>
    </ClInclude>
    <ClInclude Include="src\application\application_exceptions.h">
      <Filter>Header Files\application</Filter>
    </ClInclude>
    <ClInclude Include="src\networking\reliablePacketManager.h">
      <Filter>Header Files\networking</Filter>
    </ClInclude>
    <ClInclude Include="src\devices\gamepad.h">
      <Filter>Header Files\devices</Filter>
    </ClInclude>
    <ClInclude Include="src\networking\forwardSocket.h">
      <Filter>Header Files\networking</Filter>
    </ClInclude>
    <ClInclude Include="resource.h">
      <Filter>Header Files</Filter>
    </ClInclude>
    <ClInclude Include="src\util.h">
      <Filter>Header Files</Filter>
    </ClInclude>
    <ClInclude Include="src\native\winnt\processManagement.h">
      <Filter>Header Files\native\winnt</Filter>
    </ClInclude>
    <ClInclude Include="src\devices\native\winnt\Real_XInput_Wrapper.h">
      <Filter>Header Files\devices\native\winnt</Filter>
    </ClInclude>
    <ClInclude Include="src\names.h">
      <Filter>Header Files</Filter>
    </ClInclude>
    <ClInclude Include="src\devices\native\winnt\vJoyDriver.h">
      <Filter>Header Files\devices\native\winnt</Filter>
    </ClInclude>
  </ItemGroup>
  <ItemGroup>
    <ResourceCompile Include="Icon.rc">
      <Filter>Resource Files</Filter>
    </ResourceCompile>
  </ItemGroup>
</Project>